// !$*UTF8*$!
{
	archiveVersion = 1;
	classes = {
	};
	objectVersion = 46;
	objects = {

/* Begin PBXBuildFile section */
		C09FEF7024D1C0B800F79BC4 /* RNRModalManager.m in Sources */ = {isa = PBXBuildFile; fileRef = C09FEF6924D1C0B800F79BC4 /* RNRModalManager.m */; };
		C09FEF7124D1C0B800F79BC4 /* RNRModalController.swift in Sources */ = {isa = PBXBuildFile; fileRef = C09FEF6A24D1C0B800F79BC4 /* RNRModalController.swift */; };
		C09FEF7224D1C0B800F79BC4 /* RNRModalManager.swift in Sources */ = {isa = PBXBuildFile; fileRef = C09FEF6B24D1C0B800F79BC4 /* RNRModalManager.swift */; };
		C09FEF7324D1C0B800F79BC4 /* RNRModalsManager.swift in Sources */ = {isa = PBXBuildFile; fileRef = C09FEF6C24D1C0B800F79BC4 /* RNRModalsManager.swift */; };
		C09FEF7424D1C0B800F79BC4 /* RNRModalsManager.m in Sources */ = {isa = PBXBuildFile; fileRef = C09FEF6D24D1C0B800F79BC4 /* RNRModalsManager.m */; };
		C09FEF7524D1C0B900F79BC4 /* RNRModals.swift in Sources */ = {isa = PBXBuildFile; fileRef = C09FEF6E24D1C0B800F79BC4 /* RNRModals.swift */; };
		C09FEF7624D1C0B900F79BC4 /* RNRModal.swift in Sources */ = {isa = PBXBuildFile; fileRef = C09FEF6F24D1C0B800F79BC4 /* RNRModal.swift */; };
		C0EFAC0C25B4C9A500F7FA51 /* RNRModalConfig.swift in Sources */ = {isa = PBXBuildFile; fileRef = C0EFAC0925B4C9A500F7FA51 /* RNRModalConfig.swift */; };
		C0EFAC0D25B4C9A500F7FA51 /* RNRModalConfigManager.m in Sources */ = {isa = PBXBuildFile; fileRef = C0EFAC0A25B4C9A500F7FA51 /* RNRModalConfigManager.m */; };
		C0EFAC0E25B4C9A500F7FA51 /* RNRModalConfigManager.swift in Sources */ = {isa = PBXBuildFile; fileRef = C0EFAC0B25B4C9A500F7FA51 /* RNRModalConfigManager.swift */; };
		C0EFAC1225B4C9B200F7FA51 /* RNRModalPresentationStyle.m in Sources */ = {isa = PBXBuildFile; fileRef = C0EFAC1025B4C9B200F7FA51 /* RNRModalPresentationStyle.m */; };
		C0EFAC1325B4C9B200F7FA51 /* RNRModalPresentationStyle.swift in Sources */ = {isa = PBXBuildFile; fileRef = C0EFAC1125B4C9B200F7FA51 /* RNRModalPresentationStyle.swift */; };
		C0EFAC1B25B4C9BE00F7FA51 /* RNRModalTransitionStyle.m in Sources */ = {isa = PBXBuildFile; fileRef = C0EFAC1525B4C9BE00F7FA51 /* RNRModalTransitionStyle.m */; };
		C0EFAC1C25B4C9BE00F7FA51 /* RNRModalTransitionStyle.swift in Sources */ = {isa = PBXBuildFile; fileRef = C0EFAC1625B4C9BE00F7FA51 /* RNRModalTransitionStyle.swift */; };
		C0EFAC1D25B4C9BE00F7FA51 /* RNRModalStatusBarStyle.swift in Sources */ = {isa = PBXBuildFile; fileRef = C0EFAC1725B4C9BE00F7FA51 /* RNRModalStatusBarStyle.swift */; };
		C0EFAC1E25B4C9BE00F7FA51 /* RNRModalStatusBarStyle.m in Sources */ = {isa = PBXBuildFile; fileRef = C0EFAC1825B4C9BE00F7FA51 /* RNRModalStatusBarStyle.m */; };
		C0EFAC1F25B4C9BE00F7FA51 /* RNRModalStatusBarAnimation.m in Sources */ = {isa = PBXBuildFile; fileRef = C0EFAC1925B4C9BE00F7FA51 /* RNRModalStatusBarAnimation.m */; };
		C0EFAC2025B4C9BE00F7FA51 /* RNRModalStatusBarAnimation.swift in Sources */ = {isa = PBXBuildFile; fileRef = C0EFAC1A25B4C9BE00F7FA51 /* RNRModalStatusBarAnimation.swift */; };
/* End PBXBuildFile section */

/* Begin PBXCopyFilesBuildPhase section */
		58B511D91A9E6C8500147676 /* CopyFiles */ = {
			isa = PBXCopyFilesBuildPhase;
			buildActionMask = 2147483647;
			dstPath = "include/$(PRODUCT_NAME)";
			dstSubfolderSpec = 16;
			files = (
			);
			runOnlyForDeploymentPostprocessing = 0;
		};
/* End PBXCopyFilesBuildPhase section */

/* Begin PBXFileReference section */
		134814201AA4EA6300B7C361 /* libRenavigationModals.a */ = {isa = PBXFileReference; explicitFileType = archive.ar; includeInIndex = 0; path = libRenavigationModals.a; sourceTree = BUILT_PRODUCTS_DIR; };
		C09FEF6924D1C0B800F79BC4 /* RNRModalManager.m */ = {isa = PBXFileReference; fileEncoding = 4; lastKnownFileType = sourcecode.c.objc; path = RNRModalManager.m; sourceTree = "<group>"; };
		C09FEF6A24D1C0B800F79BC4 /* RNRModalController.swift */ = {isa = PBXFileReference; fileEncoding = 4; lastKnownFileType = sourcecode.swift; path = RNRModalController.swift; sourceTree = "<group>"; };
		C09FEF6B24D1C0B800F79BC4 /* RNRModalManager.swift */ = {isa = PBXFileReference; fileEncoding = 4; lastKnownFileType = sourcecode.swift; path = RNRModalManager.swift; sourceTree = "<group>"; };
		C09FEF6C24D1C0B800F79BC4 /* RNRModalsManager.swift */ = {isa = PBXFileReference; fileEncoding = 4; lastKnownFileType = sourcecode.swift; path = RNRModalsManager.swift; sourceTree = "<group>"; };
		C09FEF6D24D1C0B800F79BC4 /* RNRModalsManager.m */ = {isa = PBXFileReference; fileEncoding = 4; lastKnownFileType = sourcecode.c.objc; path = RNRModalsManager.m; sourceTree = "<group>"; };
		C09FEF6E24D1C0B800F79BC4 /* RNRModals.swift */ = {isa = PBXFileReference; fileEncoding = 4; lastKnownFileType = sourcecode.swift; path = RNRModals.swift; sourceTree = "<group>"; };
		C09FEF6F24D1C0B800F79BC4 /* RNRModal.swift */ = {isa = PBXFileReference; fileEncoding = 4; lastKnownFileType = sourcecode.swift; path = RNRModal.swift; sourceTree = "<group>"; };
		C0EFAC0925B4C9A500F7FA51 /* RNRModalConfig.swift */ = {isa = PBXFileReference; fileEncoding = 4; lastKnownFileType = sourcecode.swift; path = RNRModalConfig.swift; sourceTree = "<group>"; };
		C0EFAC0A25B4C9A500F7FA51 /* RNRModalConfigManager.m */ = {isa = PBXFileReference; fileEncoding = 4; lastKnownFileType = sourcecode.c.objc; path = RNRModalConfigManager.m; sourceTree = "<group>"; };
		C0EFAC0B25B4C9A500F7FA51 /* RNRModalConfigManager.swift */ = {isa = PBXFileReference; fileEncoding = 4; lastKnownFileType = sourcecode.swift; path = RNRModalConfigManager.swift; sourceTree = "<group>"; };
		C0EFAC1025B4C9B200F7FA51 /* RNRModalPresentationStyle.m */ = {isa = PBXFileReference; fileEncoding = 4; lastKnownFileType = sourcecode.c.objc; path = RNRModalPresentationStyle.m; sourceTree = "<group>"; };
		C0EFAC1125B4C9B200F7FA51 /* RNRModalPresentationStyle.swift */ = {isa = PBXFileReference; fileEncoding = 4; lastKnownFileType = sourcecode.swift; path = RNRModalPresentationStyle.swift; sourceTree = "<group>"; };
		C0EFAC1525B4C9BE00F7FA51 /* RNRModalTransitionStyle.m */ = {isa = PBXFileReference; fileEncoding = 4; lastKnownFileType = sourcecode.c.objc; path = RNRModalTransitionStyle.m; sourceTree = "<group>"; };
		C0EFAC1625B4C9BE00F7FA51 /* RNRModalTransitionStyle.swift */ = {isa = PBXFileReference; fileEncoding = 4; lastKnownFileType = sourcecode.swift; path = RNRModalTransitionStyle.swift; sourceTree = "<group>"; };
		C0EFAC1725B4C9BE00F7FA51 /* RNRModalStatusBarStyle.swift */ = {isa = PBXFileReference; fileEncoding = 4; lastKnownFileType = sourcecode.swift; path = RNRModalStatusBarStyle.swift; sourceTree = "<group>"; };
		C0EFAC1825B4C9BE00F7FA51 /* RNRModalStatusBarStyle.m */ = {isa = PBXFileReference; fileEncoding = 4; lastKnownFileType = sourcecode.c.objc; path = RNRModalStatusBarStyle.m; sourceTree = "<group>"; };
		C0EFAC1925B4C9BE00F7FA51 /* RNRModalStatusBarAnimation.m */ = {isa = PBXFileReference; fileEncoding = 4; lastKnownFileType = sourcecode.c.objc; path = RNRModalStatusBarAnimation.m; sourceTree = "<group>"; };
		C0EFAC1A25B4C9BE00F7FA51 /* RNRModalStatusBarAnimation.swift */ = {isa = PBXFileReference; fileEncoding = 4; lastKnownFileType = sourcecode.swift; path = RNRModalStatusBarAnimation.swift; sourceTree = "<group>"; };
		F4FF95D5245B92E700C19C63 /* RenavigationModals-Bridging-Header.h */ = {isa = PBXFileReference; lastKnownFileType = sourcecode.c.h; path = "RenavigationModals-Bridging-Header.h"; sourceTree = "<group>"; };
/* End PBXFileReference section */

/* Begin PBXFrameworksBuildPhase section */
		58B511D81A9E6C8500147676 /* Frameworks */ = {
			isa = PBXFrameworksBuildPhase;
			buildActionMask = 2147483647;
			files = (
			);
			runOnlyForDeploymentPostprocessing = 0;
		};
/* End PBXFrameworksBuildPhase section */

/* Begin PBXGroup section */
		134814211AA4EA7D00B7C361 /* Products */ = {
			isa = PBXGroup;
			children = (
				134814201AA4EA6300B7C361 /* libRenavigationModals.a */,
			);
			name = Products;
			sourceTree = "<group>";
		};
		58B511D21A9E6C8500147676 = {
			isa = PBXGroup;
			children = (
				F4FF95D5245B92E700C19C63 /* RenavigationModals-Bridging-Header.h */,
				C09FEF6F24D1C0B800F79BC4 /* RNRModal.swift */,
				C0EFAC0925B4C9A500F7FA51 /* RNRModalConfig.swift */,
				C0EFAC0A25B4C9A500F7FA51 /* RNRModalConfigManager.m */,
				C0EFAC0B25B4C9A500F7FA51 /* RNRModalConfigManager.swift */,
				C09FEF6A24D1C0B800F79BC4 /* RNRModalController.swift */,
				C09FEF6924D1C0B800F79BC4 /* RNRModalManager.m */,
				C09FEF6B24D1C0B800F79BC4 /* RNRModalManager.swift */,
				C0EFAC1025B4C9B200F7FA51 /* RNRModalPresentationStyle.m */,
				C0EFAC1125B4C9B200F7FA51 /* RNRModalPresentationStyle.swift */,
				C09FEF6E24D1C0B800F79BC4 /* RNRModals.swift */,
				C09FEF6D24D1C0B800F79BC4 /* RNRModalsManager.m */,
				C09FEF6C24D1C0B800F79BC4 /* RNRModalsManager.swift */,
				C0EFAC1925B4C9BE00F7FA51 /* RNRModalStatusBarAnimation.m */,
				C0EFAC1A25B4C9BE00F7FA51 /* RNRModalStatusBarAnimation.swift */,
				C0EFAC1825B4C9BE00F7FA51 /* RNRModalStatusBarStyle.m */,
				C0EFAC1725B4C9BE00F7FA51 /* RNRModalStatusBarStyle.swift */,
				C0EFAC1525B4C9BE00F7FA51 /* RNRModalTransitionStyle.m */,
				C0EFAC1625B4C9BE00F7FA51 /* RNRModalTransitionStyle.swift */,
				134814211AA4EA7D00B7C361 /* Products */,
			);
			sourceTree = "<group>";
		};
/* End PBXGroup section */

/* Begin PBXNativeTarget section */
		58B511DA1A9E6C8500147676 /* RenavigationModals */ = {
			isa = PBXNativeTarget;
			buildConfigurationList = 58B511EF1A9E6C8500147676 /* Build configuration list for PBXNativeTarget "RenavigationModals" */;
			buildPhases = (
				58B511D71A9E6C8500147676 /* Sources */,
				58B511D81A9E6C8500147676 /* Frameworks */,
				58B511D91A9E6C8500147676 /* CopyFiles */,
			);
			buildRules = (
			);
			dependencies = (
			);
			name = RenavigationModals;
			productName = RCTDataManager;
			productReference = 134814201AA4EA6300B7C361 /* libRenavigationModals.a */;
			productType = "com.apple.product-type.library.static";
		};
/* End PBXNativeTarget section */

/* Begin PBXProject section */
		58B511D31A9E6C8500147676 /* Project object */ = {
			isa = PBXProject;
			attributes = {
				LastUpgradeCheck = 0920;
				ORGANIZATIONNAME = Facebook;
				TargetAttributes = {
					58B511DA1A9E6C8500147676 = {
						CreatedOnToolsVersion = 6.1.1;
					};
				};
			};
			buildConfigurationList = 58B511D61A9E6C8500147676 /* Build configuration list for PBXProject "RenavigationModals" */;
			compatibilityVersion = "Xcode 3.2";
			developmentRegion = English;
			hasScannedForEncodings = 0;
			knownRegions = (
				English,
				en,
			);
			mainGroup = 58B511D21A9E6C8500147676;
			productRefGroup = 58B511D21A9E6C8500147676;
			projectDirPath = "";
			projectRoot = "";
			targets = (
				58B511DA1A9E6C8500147676 /* RenavigationModals */,
			);
		};
/* End PBXProject section */

/* Begin PBXSourcesBuildPhase section */
		58B511D71A9E6C8500147676 /* Sources */ = {
			isa = PBXSourcesBuildPhase;
			buildActionMask = 2147483647;
			files = (
				C0EFAC2025B4C9BE00F7FA51 /* RNRModalStatusBarAnimation.swift in Sources */,
				C09FEF7124D1C0B800F79BC4 /* RNRModalController.swift in Sources */,
				C0EFAC1D25B4C9BE00F7FA51 /* RNRModalStatusBarStyle.swift in Sources */,
				C0EFAC0D25B4C9A500F7FA51 /* RNRModalConfigManager.m in Sources */,
				C09FEF7624D1C0B900F79BC4 /* RNRModal.swift in Sources */,
				C0EFAC1C25B4C9BE00F7FA51 /* RNRModalTransitionStyle.swift in Sources */,
				C0EFAC1F25B4C9BE00F7FA51 /* RNRModalStatusBarAnimation.m in Sources */,
				C09FEF7224D1C0B800F79BC4 /* RNRModalManager.swift in Sources */,
				C0EFAC1B25B4C9BE00F7FA51 /* RNRModalTransitionStyle.m in Sources */,
				C09FEF7324D1C0B800F79BC4 /* RNRModalsManager.swift in Sources */,
				C0EFAC1225B4C9B200F7FA51 /* RNRModalPresentationStyle.m in Sources */,
				C0EFAC0C25B4C9A500F7FA51 /* RNRModalConfig.swift in Sources */,
				C09FEF7024D1C0B800F79BC4 /* RNRModalManager.m in Sources */,
				C09FEF7524D1C0B900F79BC4 /* RNRModals.swift in Sources */,
				C0EFAC1E25B4C9BE00F7FA51 /* RNRModalStatusBarStyle.m in Sources */,
				C0EFAC0E25B4C9A500F7FA51 /* RNRModalConfigManager.swift in Sources */,
				C0EFAC1325B4C9B200F7FA51 /* RNRModalPresentationStyle.swift in Sources */,
				C09FEF7424D1C0B800F79BC4 /* RNRModalsManager.m in Sources */,
			);
			runOnlyForDeploymentPostprocessing = 0;
		};
/* End PBXSourcesBuildPhase section */

/* Begin XCBuildConfiguration section */
		58B511ED1A9E6C8500147676 /* Debug */ = {
			isa = XCBuildConfiguration;
			buildSettings = {
				ALWAYS_SEARCH_USER_PATHS = NO;
				CLANG_CXX_LANGUAGE_STANDARD = "gnu++0x";
				CLANG_CXX_LIBRARY = "libc++";
				CLANG_ENABLE_MODULES = YES;
				CLANG_ENABLE_OBJC_ARC = YES;
				CLANG_WARN_BLOCK_CAPTURE_AUTORELEASING = YES;
				CLANG_WARN_BOOL_CONVERSION = YES;
				CLANG_WARN_COMMA = YES;
				CLANG_WARN_CONSTANT_CONVERSION = YES;
				CLANG_WARN_DIRECT_OBJC_ISA_USAGE = YES_ERROR;
				CLANG_WARN_EMPTY_BODY = YES;
				CLANG_WARN_ENUM_CONVERSION = YES;
				CLANG_WARN_INFINITE_RECURSION = YES;
				CLANG_WARN_INT_CONVERSION = YES;
				CLANG_WARN_NON_LITERAL_NULL_CONVERSION = YES;
				CLANG_WARN_OBJC_LITERAL_CONVERSION = YES;
				CLANG_WARN_OBJC_ROOT_CLASS = YES_ERROR;
				CLANG_WARN_RANGE_LOOP_ANALYSIS = YES;
				CLANG_WARN_STRICT_PROTOTYPES = YES;
				CLANG_WARN_SUSPICIOUS_MOVE = YES;
				CLANG_WARN_UNREACHABLE_CODE = YES;
				CLANG_WARN__DUPLICATE_METHOD_MATCH = YES;
				COPY_PHASE_STRIP = NO;
				ENABLE_STRICT_OBJC_MSGSEND = YES;
				ENABLE_TESTABILITY = YES;
				GCC_C_LANGUAGE_STANDARD = gnu99;
				GCC_DYNAMIC_NO_PIC = NO;
				GCC_NO_COMMON_BLOCKS = YES;
				GCC_OPTIMIZATION_LEVEL = 0;
				GCC_PREPROCESSOR_DEFINITIONS = (
					"DEBUG=1",
					"$(inherited)",
				);
				GCC_SYMBOLS_PRIVATE_EXTERN = NO;
				GCC_WARN_64_TO_32_BIT_CONVERSION = YES;
				GCC_WARN_ABOUT_RETURN_TYPE = YES_ERROR;
				GCC_WARN_UNDECLARED_SELECTOR = YES;
				GCC_WARN_UNINITIALIZED_AUTOS = YES_AGGRESSIVE;
				GCC_WARN_UNUSED_FUNCTION = YES;
				GCC_WARN_UNUSED_VARIABLE = YES;
				IPHONEOS_DEPLOYMENT_TARGET = 8.0;
				MTL_ENABLE_DEBUG_INFO = YES;
				ONLY_ACTIVE_ARCH = YES;
				SDKROOT = iphoneos;
			};
			name = Debug;
		};
		58B511EE1A9E6C8500147676 /* Release */ = {
			isa = XCBuildConfiguration;
			buildSettings = {
				ALWAYS_SEARCH_USER_PATHS = NO;
				CLANG_CXX_LANGUAGE_STANDARD = "gnu++0x";
				CLANG_CXX_LIBRARY = "libc++";
				CLANG_ENABLE_MODULES = YES;
				CLANG_ENABLE_OBJC_ARC = YES;
				CLANG_WARN_BLOCK_CAPTURE_AUTORELEASING = YES;
				CLANG_WARN_BOOL_CONVERSION = YES;
				CLANG_WARN_COMMA = YES;
				CLANG_WARN_CONSTANT_CONVERSION = YES;
				CLANG_WARN_DIRECT_OBJC_ISA_USAGE = YES_ERROR;
				CLANG_WARN_EMPTY_BODY = YES;
				CLANG_WARN_ENUM_CONVERSION = YES;
				CLANG_WARN_INFINITE_RECURSION = YES;
				CLANG_WARN_INT_CONVERSION = YES;
				CLANG_WARN_NON_LITERAL_NULL_CONVERSION = YES;
				CLANG_WARN_OBJC_LITERAL_CONVERSION = YES;
				CLANG_WARN_OBJC_ROOT_CLASS = YES_ERROR;
				CLANG_WARN_RANGE_LOOP_ANALYSIS = YES;
				CLANG_WARN_STRICT_PROTOTYPES = YES;
				CLANG_WARN_SUSPICIOUS_MOVE = YES;
				CLANG_WARN_UNREACHABLE_CODE = YES;
				CLANG_WARN__DUPLICATE_METHOD_MATCH = YES;
				COPY_PHASE_STRIP = YES;
				ENABLE_NS_ASSERTIONS = NO;
				ENABLE_STRICT_OBJC_MSGSEND = YES;
				GCC_C_LANGUAGE_STANDARD = gnu99;
				GCC_NO_COMMON_BLOCKS = YES;
				GCC_WARN_64_TO_32_BIT_CONVERSION = YES;
				GCC_WARN_ABOUT_RETURN_TYPE = YES_ERROR;
				GCC_WARN_UNDECLARED_SELECTOR = YES;
				GCC_WARN_UNINITIALIZED_AUTOS = YES_AGGRESSIVE;
				GCC_WARN_UNUSED_FUNCTION = YES;
				GCC_WARN_UNUSED_VARIABLE = YES;
				IPHONEOS_DEPLOYMENT_TARGET = 8.0;
				MTL_ENABLE_DEBUG_INFO = NO;
				SDKROOT = iphoneos;
				VALIDATE_PRODUCT = YES;
			};
			name = Release;
		};
		58B511F01A9E6C8500147676 /* Debug */ = {
			isa = XCBuildConfiguration;
			buildSettings = {
				HEADER_SEARCH_PATHS = (
					"$(inherited)",
					/Applications/Xcode.app/Contents/Developer/Toolchains/XcodeDefault.xctoolchain/usr/include,
					"$(SRCROOT)/../../../React/**",
					"$(SRCROOT)/../../react-native/React/**",
				);
				LIBRARY_SEARCH_PATHS = "$(inherited)";
				OTHER_LDFLAGS = "-ObjC";
				PRODUCT_NAME = RenavigationModals;
				SKIP_INSTALL = YES;
				SWIFT_OBJC_BRIDGING_HEADER = "RenavigationModals-Bridging-Header.h";
				SWIFT_OPTIMIZATION_LEVEL = "-Onone";
				SWIFT_VERSION = 5.0;
			};
			name = Debug;
		};
		58B511F11A9E6C8500147676 /* Release */ = {
			isa = XCBuildConfiguration;
			buildSettings = {
				HEADER_SEARCH_PATHS = (
					"$(inherited)",
					/Applications/Xcode.app/Contents/Developer/Toolchains/XcodeDefault.xctoolchain/usr/include,
					"$(SRCROOT)/../../../React/**",
					"$(SRCROOT)/../../react-native/React/**",
				);
				LIBRARY_SEARCH_PATHS = "$(inherited)";
				OTHER_LDFLAGS = "-ObjC";
				PRODUCT_NAME = RenavigationModals;
				SKIP_INSTALL = YES;
				SWIFT_OBJC_BRIDGING_HEADER = "RenavigationModals-Bridging-Header.h";
				SWIFT_VERSION = 5.0;
			};
			name = Release;
		};
/* End XCBuildConfiguration section */

/* Begin XCConfigurationList section */
		58B511D61A9E6C8500147676 /* Build configuration list for PBXProject "RenavigationModals" */ = {
			isa = XCConfigurationList;
			buildConfigurations = (
				58B511ED1A9E6C8500147676 /* Debug */,
				58B511EE1A9E6C8500147676 /* Release */,
			);
			defaultConfigurationIsVisible = 0;
			defaultConfigurationName = Release;
		};
		58B511EF1A9E6C8500147676 /* Build configuration list for PBXNativeTarget "RenavigationModals" */ = {
			isa = XCConfigurationList;
			buildConfigurations = (
				58B511F01A9E6C8500147676 /* Debug */,
				58B511F11A9E6C8500147676 /* Release */,
			);
			defaultConfigurationIsVisible = 0;
			defaultConfigurationName = Release;
		};
/* End XCConfigurationList section */
	};
	rootObject = 58B511D31A9E6C8500147676 /* Project object */;
}
