// !$*UTF8*$!
{
	archiveVersion = 1;
	classes = {
	};
	objectVersion = 46;
	objects = {

/* Begin PBXBuildFile section */
		C004ADD025422314005EAB8C /* RNRChild.swift in Sources */ = {isa = PBXBuildFile; fileRef = C004ADCF25422314005EAB8C /* RNRChild.swift */; };
		C004ADD32542232D005EAB8C /* RNRParent.swift in Sources */ = {isa = PBXBuildFile; fileRef = C004ADD22542232D005EAB8C /* RNRParent.swift */; };
		C004ADD625422348005EAB8C /* RNRHelpers.swift in Sources */ = {isa = PBXBuildFile; fileRef = C004ADD525422348005EAB8C /* RNRHelpers.swift */; };
		C004AE1025422482005EAB8C /* RNRImageManager.m in Sources */ = {isa = PBXBuildFile; fileRef = C004AE0D25422482005EAB8C /* RNRImageManager.m */; };
		C004AE1125422482005EAB8C /* RNRImage.swift in Sources */ = {isa = PBXBuildFile; fileRef = C004AE0E25422482005EAB8C /* RNRImage.swift */; };
		C004AE1225422482005EAB8C /* RNRImageManager.swift in Sources */ = {isa = PBXBuildFile; fileRef = C004AE0F25422482005EAB8C /* RNRImageManager.swift */; };
		C004AE1525422489005EAB8C /* RNRTextStyle.swift in Sources */ = {isa = PBXBuildFile; fileRef = C004AE1425422489005EAB8C /* RNRTextStyle.swift */; };
		C004AE4B25422557005EAB8C /* RNRImageProtocol.swift in Sources */ = {isa = PBXBuildFile; fileRef = C004AE4A25422557005EAB8C /* RNRImageProtocol.swift */; };
		C03E3F562542676E001E84FA /* RNRBlurEffect.swift in Sources */ = {isa = PBXBuildFile; fileRef = C03E3F552542676E001E84FA /* RNRBlurEffect.swift */; };
		C03E3F5925426BBE001E84FA /* RNRContentMode.swift in Sources */ = {isa = PBXBuildFile; fileRef = C03E3F5825426BBE001E84FA /* RNRContentMode.swift */; };
		C03E3F5F25427EFE001E84FA /* RNREmptyComponentManager.swift in Sources */ = {isa = PBXBuildFile; fileRef = C03E3F5C25427EFE001E84FA /* RNREmptyComponentManager.swift */; };
		C03E3F6025427EFE001E84FA /* RNREmptyComponent.swift in Sources */ = {isa = PBXBuildFile; fileRef = C03E3F5D25427EFE001E84FA /* RNREmptyComponent.swift */; };
		C03E3F6125427EFE001E84FA /* RNREmptyComponentManager.m in Sources */ = {isa = PBXBuildFile; fileRef = C03E3F5E25427EFE001E84FA /* RNREmptyComponentManager.m */; };
		C0A5F0F32543DD2B000A5567 /* RNRAnimationOptions.swift in Sources */ = {isa = PBXBuildFile; fileRef = C0A5F0F22543DD2B000A5567 /* RNRAnimationOptions.swift */; };
		C0CE8A6B254D1AC600DB8F6A /* RNRBarButtonItemAppearanceManager.m in Sources */ = {isa = PBXBuildFile; fileRef = C0CE8A68254D1AC600DB8F6A /* RNRBarButtonItemAppearanceManager.m */; };
		C0CE8A6C254D1AC600DB8F6A /* RNRBarButtonItemAppearanceManager.swift in Sources */ = {isa = PBXBuildFile; fileRef = C0CE8A69254D1AC600DB8F6A /* RNRBarButtonItemAppearanceManager.swift */; };
		C0CE8A6D254D1AC600DB8F6A /* RNRBarButtonItemAppearance.swift in Sources */ = {isa = PBXBuildFile; fileRef = C0CE8A6A254D1AC600DB8F6A /* RNRBarButtonItemAppearance.swift */; };
		C0CE8AA5254D1D8600DB8F6A /* RNRBarButtonItemStateAppearance.swift in Sources */ = {isa = PBXBuildFile; fileRef = C0CE8AA2254D1D8600DB8F6A /* RNRBarButtonItemStateAppearance.swift */; };
		C0CE8AA6254D1D8600DB8F6A /* RNRBarButtonItemStateAppearanceManager.swift in Sources */ = {isa = PBXBuildFile; fileRef = C0CE8AA3254D1D8600DB8F6A /* RNRBarButtonItemStateAppearanceManager.swift */; };
		C0CE8AA7254D1D8600DB8F6A /* RNRBarButtonItemStateAppearanceManager.m in Sources */ = {isa = PBXBuildFile; fileRef = C0CE8AA4254D1D8600DB8F6A /* RNRBarButtonItemStateAppearanceManager.m */; };
		C0CE8ADE254D23CE00DB8F6A /* RNRBarButtonItemAppearanceProtocol.swift in Sources */ = {isa = PBXBuildFile; fileRef = C0CE8ADC254D23CE00DB8F6A /* RNRBarButtonItemAppearanceProtocol.swift */; };
		C0CE8ADF254D23CE00DB8F6A /* RNRBarButtonItemStateAppearanceProtocol.swift in Sources */ = {isa = PBXBuildFile; fileRef = C0CE8ADD254D23CE00DB8F6A /* RNRBarButtonItemStateAppearanceProtocol.swift */; };
		C0CE8B18254DD6C200DB8F6A /* RNRActionProtocol.swift in Sources */ = {isa = PBXBuildFile; fileRef = C0CE8B14254DD6C200DB8F6A /* RNRActionProtocol.swift */; };
		C0CE8B19254DD6C200DB8F6A /* RNRActionManager.m in Sources */ = {isa = PBXBuildFile; fileRef = C0CE8B15254DD6C200DB8F6A /* RNRActionManager.m */; };
		C0CE8B1A254DD6C200DB8F6A /* RNRActionManager.swift in Sources */ = {isa = PBXBuildFile; fileRef = C0CE8B16254DD6C200DB8F6A /* RNRActionManager.swift */; };
		C0CE8B1B254DD6C200DB8F6A /* RNRAction.swift in Sources */ = {isa = PBXBuildFile; fileRef = C0CE8B17254DD6C200DB8F6A /* RNRAction.swift */; };
		C0CE8B1E254DD6C900DB8F6A /* RNRBarButtonItem.swift in Sources */ = {isa = PBXBuildFile; fileRef = C0CE8B1D254DD6C900DB8F6A /* RNRBarButtonItem.swift */; };
		C0CE8B23254DD6D200DB8F6A /* RNRBarButtonItemProtocol.swift in Sources */ = {isa = PBXBuildFile; fileRef = C0CE8B20254DD6D200DB8F6A /* RNRBarButtonItemProtocol.swift */; };
		C0CE8B24254DD6D200DB8F6A /* RNRBarButtonItemManager.m in Sources */ = {isa = PBXBuildFile; fileRef = C0CE8B21254DD6D200DB8F6A /* RNRBarButtonItemManager.m */; };
		C0CE8B25254DD6D200DB8F6A /* RNRBarButtonItemManager.swift in Sources */ = {isa = PBXBuildFile; fileRef = C0CE8B22254DD6D200DB8F6A /* RNRBarButtonItemManager.swift */; };
		C0CE8B2B254DD6DD00DB8F6A /* RNRMenuProtocol.swift in Sources */ = {isa = PBXBuildFile; fileRef = C0CE8B27254DD6DD00DB8F6A /* RNRMenuProtocol.swift */; };
		C0CE8B2C254DD6DD00DB8F6A /* RNRMenuManager.swift in Sources */ = {isa = PBXBuildFile; fileRef = C0CE8B28254DD6DD00DB8F6A /* RNRMenuManager.swift */; };
		C0CE8B2D254DD6DD00DB8F6A /* RNRMenu.swift in Sources */ = {isa = PBXBuildFile; fileRef = C0CE8B29254DD6DD00DB8F6A /* RNRMenu.swift */; };
		C0CE8B2E254DD6DD00DB8F6A /* RNRMenuManager.m in Sources */ = {isa = PBXBuildFile; fileRef = C0CE8B2A254DD6DD00DB8F6A /* RNRMenuManager.m */; };
		C0CE8B34254DD6E500DB8F6A /* RNRRefreshControlProtocol.swift in Sources */ = {isa = PBXBuildFile; fileRef = C0CE8B30254DD6E500DB8F6A /* RNRRefreshControlProtocol.swift */; };
		C0CE8B35254DD6E500DB8F6A /* RNRRefreshControl.swift in Sources */ = {isa = PBXBuildFile; fileRef = C0CE8B31254DD6E500DB8F6A /* RNRRefreshControl.swift */; };
		C0CE8B36254DD6E500DB8F6A /* RNRRefreshControlManager.swift in Sources */ = {isa = PBXBuildFile; fileRef = C0CE8B32254DD6E500DB8F6A /* RNRRefreshControlManager.swift */; };
		C0CE8B37254DD6E500DB8F6A /* RNRRefreshControlManager.m in Sources */ = {isa = PBXBuildFile; fileRef = C0CE8B33254DD6E500DB8F6A /* RNRRefreshControlManager.m */; };
		C0CE8B83254FABA400DB8F6A /* RNREmptyComponentProtocol.swift in Sources */ = {isa = PBXBuildFile; fileRef = C0CE8B82254FABA400DB8F6A /* RNREmptyComponentProtocol.swift */; };
		C0D03E9F2557212D00D1883A /* RNRCoreEventManager.swift in Sources */ = {isa = PBXBuildFile; fileRef = C0D03E9D2557212D00D1883A /* RNRCoreEventManager.swift */; };
		C0D03EA02557212D00D1883A /* RNRCoreEventManager.m in Sources */ = {isa = PBXBuildFile; fileRef = C0D03E9E2557212D00D1883A /* RNRCoreEventManager.m */; };
		C0D03EA525572BAD00D1883A /* RNRBarButtonItemsManager.m in Sources */ = {isa = PBXBuildFile; fileRef = C0D03EA225572BAD00D1883A /* RNRBarButtonItemsManager.m */; };
		C0D03EA625572BAD00D1883A /* RNRBarButtonItemsManager.swift in Sources */ = {isa = PBXBuildFile; fileRef = C0D03EA325572BAD00D1883A /* RNRBarButtonItemsManager.swift */; };
		C0D03EA725572BAD00D1883A /* RNRBarButtonItems.swift in Sources */ = {isa = PBXBuildFile; fileRef = C0D03EA425572BAD00D1883A /* RNRBarButtonItems.swift */; };
		C0D03EAA25572DFA00D1883A /* RNRBarButtonItemsProtocol.swift in Sources */ = {isa = PBXBuildFile; fileRef = C0D03EA925572DFA00D1883A /* RNRBarButtonItemsProtocol.swift */; };
		C0D03EB02557A9BA00D1883A /* RNRSearchBar.swift in Sources */ = {isa = PBXBuildFile; fileRef = C0D03EAC2557A9BA00D1883A /* RNRSearchBar.swift */; };
		C0D03EB12557A9BA00D1883A /* RNRSearchBarManager.m in Sources */ = {isa = PBXBuildFile; fileRef = C0D03EAD2557A9BA00D1883A /* RNRSearchBarManager.m */; };
		C0D03EB22557A9BA00D1883A /* RNRSearchBarManager.swift in Sources */ = {isa = PBXBuildFile; fileRef = C0D03EAE2557A9BA00D1883A /* RNRSearchBarManager.swift */; };
		C0D03EB32557A9BA00D1883A /* RNRSearchBarProtocol.swift in Sources */ = {isa = PBXBuildFile; fileRef = C0D03EAF2557A9BA00D1883A /* RNRSearchBarProtocol.swift */; };
		C0DEE46F2543199D00AAE5C8 /* RNROffset.swift in Sources */ = {isa = PBXBuildFile; fileRef = C0DEE46E2543199D00AAE5C8 /* RNROffset.swift */; };
		C0DEE4722543305400AAE5C8 /* RNREdgeInsets.swift in Sources */ = {isa = PBXBuildFile; fileRef = C0DEE4712543305400AAE5C8 /* RNREdgeInsets.swift */; };
/* End PBXBuildFile section */

/* Begin PBXCopyFilesBuildPhase section */
		58B511D91A9E6C8500147676 /* CopyFiles */ = {
			isa = PBXCopyFilesBuildPhase;
			buildActionMask = 2147483647;
			dstPath = "include/$(PRODUCT_NAME)";
			dstSubfolderSpec = 16;
			files = (
			);
			runOnlyForDeploymentPostprocessing = 0;
		};
/* End PBXCopyFilesBuildPhase section */

/* Begin PBXFileReference section */
		134814201AA4EA6300B7C361 /* libRenavigationCore.a */ = {isa = PBXFileReference; explicitFileType = archive.ar; includeInIndex = 0; path = libRenavigationCore.a; sourceTree = BUILT_PRODUCTS_DIR; };
		C004ADCF25422314005EAB8C /* RNRChild.swift */ = {isa = PBXFileReference; lastKnownFileType = sourcecode.swift; path = RNRChild.swift; sourceTree = "<group>"; };
		C004ADD22542232D005EAB8C /* RNRParent.swift */ = {isa = PBXFileReference; lastKnownFileType = sourcecode.swift; path = RNRParent.swift; sourceTree = "<group>"; };
		C004ADD525422348005EAB8C /* RNRHelpers.swift */ = {isa = PBXFileReference; lastKnownFileType = sourcecode.swift; path = RNRHelpers.swift; sourceTree = "<group>"; };
		C004AE0D25422482005EAB8C /* RNRImageManager.m */ = {isa = PBXFileReference; fileEncoding = 4; lastKnownFileType = sourcecode.c.objc; path = RNRImageManager.m; sourceTree = "<group>"; };
		C004AE0E25422482005EAB8C /* RNRImage.swift */ = {isa = PBXFileReference; fileEncoding = 4; lastKnownFileType = sourcecode.swift; path = RNRImage.swift; sourceTree = "<group>"; };
		C004AE0F25422482005EAB8C /* RNRImageManager.swift */ = {isa = PBXFileReference; fileEncoding = 4; lastKnownFileType = sourcecode.swift; path = RNRImageManager.swift; sourceTree = "<group>"; };
		C004AE1425422489005EAB8C /* RNRTextStyle.swift */ = {isa = PBXFileReference; fileEncoding = 4; lastKnownFileType = sourcecode.swift; path = RNRTextStyle.swift; sourceTree = "<group>"; };
		C004AE4A25422557005EAB8C /* RNRImageProtocol.swift */ = {isa = PBXFileReference; lastKnownFileType = sourcecode.swift; path = RNRImageProtocol.swift; sourceTree = "<group>"; };
		C03E3F552542676E001E84FA /* RNRBlurEffect.swift */ = {isa = PBXFileReference; lastKnownFileType = sourcecode.swift; path = RNRBlurEffect.swift; sourceTree = "<group>"; };
		C03E3F5825426BBE001E84FA /* RNRContentMode.swift */ = {isa = PBXFileReference; lastKnownFileType = sourcecode.swift; path = RNRContentMode.swift; sourceTree = "<group>"; };
		C03E3F5C25427EFE001E84FA /* RNREmptyComponentManager.swift */ = {isa = PBXFileReference; fileEncoding = 4; lastKnownFileType = sourcecode.swift; path = RNREmptyComponentManager.swift; sourceTree = "<group>"; };
		C03E3F5D25427EFE001E84FA /* RNREmptyComponent.swift */ = {isa = PBXFileReference; fileEncoding = 4; lastKnownFileType = sourcecode.swift; path = RNREmptyComponent.swift; sourceTree = "<group>"; };
		C03E3F5E25427EFE001E84FA /* RNREmptyComponentManager.m */ = {isa = PBXFileReference; fileEncoding = 4; lastKnownFileType = sourcecode.c.objc; path = RNREmptyComponentManager.m; sourceTree = "<group>"; };
		C0A5F0F22543DD2B000A5567 /* RNRAnimationOptions.swift */ = {isa = PBXFileReference; fileEncoding = 4; lastKnownFileType = sourcecode.swift; path = RNRAnimationOptions.swift; sourceTree = "<group>"; };
		C0CE8A68254D1AC600DB8F6A /* RNRBarButtonItemAppearanceManager.m */ = {isa = PBXFileReference; fileEncoding = 4; lastKnownFileType = sourcecode.c.objc; path = RNRBarButtonItemAppearanceManager.m; sourceTree = "<group>"; };
		C0CE8A69254D1AC600DB8F6A /* RNRBarButtonItemAppearanceManager.swift */ = {isa = PBXFileReference; fileEncoding = 4; lastKnownFileType = sourcecode.swift; path = RNRBarButtonItemAppearanceManager.swift; sourceTree = "<group>"; };
		C0CE8A6A254D1AC600DB8F6A /* RNRBarButtonItemAppearance.swift */ = {isa = PBXFileReference; fileEncoding = 4; lastKnownFileType = sourcecode.swift; path = RNRBarButtonItemAppearance.swift; sourceTree = "<group>"; };
		C0CE8AA2254D1D8600DB8F6A /* RNRBarButtonItemStateAppearance.swift */ = {isa = PBXFileReference; fileEncoding = 4; lastKnownFileType = sourcecode.swift; path = RNRBarButtonItemStateAppearance.swift; sourceTree = "<group>"; };
		C0CE8AA3254D1D8600DB8F6A /* RNRBarButtonItemStateAppearanceManager.swift */ = {isa = PBXFileReference; fileEncoding = 4; lastKnownFileType = sourcecode.swift; path = RNRBarButtonItemStateAppearanceManager.swift; sourceTree = "<group>"; };
		C0CE8AA4254D1D8600DB8F6A /* RNRBarButtonItemStateAppearanceManager.m */ = {isa = PBXFileReference; fileEncoding = 4; lastKnownFileType = sourcecode.c.objc; path = RNRBarButtonItemStateAppearanceManager.m; sourceTree = "<group>"; };
		C0CE8ADC254D23CE00DB8F6A /* RNRBarButtonItemAppearanceProtocol.swift */ = {isa = PBXFileReference; fileEncoding = 4; lastKnownFileType = sourcecode.swift; path = RNRBarButtonItemAppearanceProtocol.swift; sourceTree = "<group>"; };
		C0CE8ADD254D23CE00DB8F6A /* RNRBarButtonItemStateAppearanceProtocol.swift */ = {isa = PBXFileReference; fileEncoding = 4; lastKnownFileType = sourcecode.swift; path = RNRBarButtonItemStateAppearanceProtocol.swift; sourceTree = "<group>"; };
		C0CE8B14254DD6C200DB8F6A /* RNRActionProtocol.swift */ = {isa = PBXFileReference; fileEncoding = 4; lastKnownFileType = sourcecode.swift; path = RNRActionProtocol.swift; sourceTree = "<group>"; };
		C0CE8B15254DD6C200DB8F6A /* RNRActionManager.m */ = {isa = PBXFileReference; fileEncoding = 4; lastKnownFileType = sourcecode.c.objc; path = RNRActionManager.m; sourceTree = "<group>"; };
		C0CE8B16254DD6C200DB8F6A /* RNRActionManager.swift */ = {isa = PBXFileReference; fileEncoding = 4; lastKnownFileType = sourcecode.swift; path = RNRActionManager.swift; sourceTree = "<group>"; };
		C0CE8B17254DD6C200DB8F6A /* RNRAction.swift */ = {isa = PBXFileReference; fileEncoding = 4; lastKnownFileType = sourcecode.swift; path = RNRAction.swift; sourceTree = "<group>"; };
		C0CE8B1D254DD6C900DB8F6A /* RNRBarButtonItem.swift */ = {isa = PBXFileReference; fileEncoding = 4; lastKnownFileType = sourcecode.swift; path = RNRBarButtonItem.swift; sourceTree = "<group>"; };
		C0CE8B20254DD6D200DB8F6A /* RNRBarButtonItemProtocol.swift */ = {isa = PBXFileReference; fileEncoding = 4; lastKnownFileType = sourcecode.swift; path = RNRBarButtonItemProtocol.swift; sourceTree = "<group>"; };
		C0CE8B21254DD6D200DB8F6A /* RNRBarButtonItemManager.m */ = {isa = PBXFileReference; fileEncoding = 4; lastKnownFileType = sourcecode.c.objc; path = RNRBarButtonItemManager.m; sourceTree = "<group>"; };
		C0CE8B22254DD6D200DB8F6A /* RNRBarButtonItemManager.swift */ = {isa = PBXFileReference; fileEncoding = 4; lastKnownFileType = sourcecode.swift; path = RNRBarButtonItemManager.swift; sourceTree = "<group>"; };
		C0CE8B27254DD6DD00DB8F6A /* RNRMenuProtocol.swift */ = {isa = PBXFileReference; fileEncoding = 4; lastKnownFileType = sourcecode.swift; path = RNRMenuProtocol.swift; sourceTree = "<group>"; };
		C0CE8B28254DD6DD00DB8F6A /* RNRMenuManager.swift */ = {isa = PBXFileReference; fileEncoding = 4; lastKnownFileType = sourcecode.swift; path = RNRMenuManager.swift; sourceTree = "<group>"; };
		C0CE8B29254DD6DD00DB8F6A /* RNRMenu.swift */ = {isa = PBXFileReference; fileEncoding = 4; lastKnownFileType = sourcecode.swift; path = RNRMenu.swift; sourceTree = "<group>"; };
		C0CE8B2A254DD6DD00DB8F6A /* RNRMenuManager.m */ = {isa = PBXFileReference; fileEncoding = 4; lastKnownFileType = sourcecode.c.objc; path = RNRMenuManager.m; sourceTree = "<group>"; };
		C0CE8B30254DD6E500DB8F6A /* RNRRefreshControlProtocol.swift */ = {isa = PBXFileReference; fileEncoding = 4; lastKnownFileType = sourcecode.swift; path = RNRRefreshControlProtocol.swift; sourceTree = "<group>"; };
		C0CE8B31254DD6E500DB8F6A /* RNRRefreshControl.swift */ = {isa = PBXFileReference; fileEncoding = 4; lastKnownFileType = sourcecode.swift; path = RNRRefreshControl.swift; sourceTree = "<group>"; };
		C0CE8B32254DD6E500DB8F6A /* RNRRefreshControlManager.swift */ = {isa = PBXFileReference; fileEncoding = 4; lastKnownFileType = sourcecode.swift; path = RNRRefreshControlManager.swift; sourceTree = "<group>"; };
		C0CE8B33254DD6E500DB8F6A /* RNRRefreshControlManager.m */ = {isa = PBXFileReference; fileEncoding = 4; lastKnownFileType = sourcecode.c.objc; path = RNRRefreshControlManager.m; sourceTree = "<group>"; };
		C0CE8B82254FABA400DB8F6A /* RNREmptyComponentProtocol.swift */ = {isa = PBXFileReference; fileEncoding = 4; lastKnownFileType = sourcecode.swift; path = RNREmptyComponentProtocol.swift; sourceTree = "<group>"; };
		C0D03E9D2557212D00D1883A /* RNRCoreEventManager.swift */ = {isa = PBXFileReference; fileEncoding = 4; lastKnownFileType = sourcecode.swift; path = RNRCoreEventManager.swift; sourceTree = "<group>"; };
		C0D03E9E2557212D00D1883A /* RNRCoreEventManager.m */ = {isa = PBXFileReference; fileEncoding = 4; lastKnownFileType = sourcecode.c.objc; path = RNRCoreEventManager.m; sourceTree = "<group>"; };
		C0D03EA225572BAD00D1883A /* RNRBarButtonItemsManager.m */ = {isa = PBXFileReference; fileEncoding = 4; lastKnownFileType = sourcecode.c.objc; path = RNRBarButtonItemsManager.m; sourceTree = "<group>"; };
		C0D03EA325572BAD00D1883A /* RNRBarButtonItemsManager.swift */ = {isa = PBXFileReference; fileEncoding = 4; lastKnownFileType = sourcecode.swift; path = RNRBarButtonItemsManager.swift; sourceTree = "<group>"; };
		C0D03EA425572BAD00D1883A /* RNRBarButtonItems.swift */ = {isa = PBXFileReference; fileEncoding = 4; lastKnownFileType = sourcecode.swift; path = RNRBarButtonItems.swift; sourceTree = "<group>"; };
		C0D03EA925572DFA00D1883A /* RNRBarButtonItemsProtocol.swift */ = {isa = PBXFileReference; fileEncoding = 4; lastKnownFileType = sourcecode.swift; path = RNRBarButtonItemsProtocol.swift; sourceTree = "<group>"; };
		C0D03EAC2557A9BA00D1883A /* RNRSearchBar.swift */ = {isa = PBXFileReference; fileEncoding = 4; lastKnownFileType = sourcecode.swift; path = RNRSearchBar.swift; sourceTree = "<group>"; };
		C0D03EAD2557A9BA00D1883A /* RNRSearchBarManager.m */ = {isa = PBXFileReference; fileEncoding = 4; lastKnownFileType = sourcecode.c.objc; path = RNRSearchBarManager.m; sourceTree = "<group>"; };
		C0D03EAE2557A9BA00D1883A /* RNRSearchBarManager.swift */ = {isa = PBXFileReference; fileEncoding = 4; lastKnownFileType = sourcecode.swift; path = RNRSearchBarManager.swift; sourceTree = "<group>"; };
		C0D03EAF2557A9BA00D1883A /* RNRSearchBarProtocol.swift */ = {isa = PBXFileReference; fileEncoding = 4; lastKnownFileType = sourcecode.swift; path = RNRSearchBarProtocol.swift; sourceTree = "<group>"; };
		C0DEE46E2543199D00AAE5C8 /* RNROffset.swift */ = {isa = PBXFileReference; fileEncoding = 4; lastKnownFileType = sourcecode.swift; path = RNROffset.swift; sourceTree = "<group>"; };
		C0DEE4712543305400AAE5C8 /* RNREdgeInsets.swift */ = {isa = PBXFileReference; fileEncoding = 4; lastKnownFileType = sourcecode.swift; path = RNREdgeInsets.swift; sourceTree = "<group>"; };
		F4FF95D5245B92E700C19C63 /* RenavigationCore-Bridging-Header.h */ = {isa = PBXFileReference; lastKnownFileType = sourcecode.c.h; path = "RenavigationCore-Bridging-Header.h"; sourceTree = "<group>"; };
/* End PBXFileReference section */

/* Begin PBXFrameworksBuildPhase section */
		58B511D81A9E6C8500147676 /* Frameworks */ = {
			isa = PBXFrameworksBuildPhase;
			buildActionMask = 2147483647;
			files = (
			);
			runOnlyForDeploymentPostprocessing = 0;
		};
/* End PBXFrameworksBuildPhase section */

/* Begin PBXGroup section */
		134814211AA4EA7D00B7C361 /* Products */ = {
			isa = PBXGroup;
			children = (
				134814201AA4EA6300B7C361 /* libRenavigationCore.a */,
			);
			name = Products;
			sourceTree = "<group>";
		};
		58B511D21A9E6C8500147676 = {
			isa = PBXGroup;
			children = (
				F4FF95D5245B92E700C19C63 /* RenavigationCore-Bridging-Header.h */,
				C0CE8B17254DD6C200DB8F6A /* RNRAction.swift */,
				C0CE8B15254DD6C200DB8F6A /* RNRActionManager.m */,
				C0CE8B16254DD6C200DB8F6A /* RNRActionManager.swift */,
				C0CE8B14254DD6C200DB8F6A /* RNRActionProtocol.swift */,
				C0A5F0F22543DD2B000A5567 /* RNRAnimationOptions.swift */,
				C0CE8B1D254DD6C900DB8F6A /* RNRBarButtonItem.swift */,
				C0CE8A6A254D1AC600DB8F6A /* RNRBarButtonItemAppearance.swift */,
				C0CE8A68254D1AC600DB8F6A /* RNRBarButtonItemAppearanceManager.m */,
				C0CE8A69254D1AC600DB8F6A /* RNRBarButtonItemAppearanceManager.swift */,
				C0CE8ADC254D23CE00DB8F6A /* RNRBarButtonItemAppearanceProtocol.swift */,
				C0CE8B21254DD6D200DB8F6A /* RNRBarButtonItemManager.m */,
				C0CE8B22254DD6D200DB8F6A /* RNRBarButtonItemManager.swift */,
				C0CE8B20254DD6D200DB8F6A /* RNRBarButtonItemProtocol.swift */,
				C0D03EA425572BAD00D1883A /* RNRBarButtonItems.swift */,
				C0D03EA225572BAD00D1883A /* RNRBarButtonItemsManager.m */,
				C0D03EA325572BAD00D1883A /* RNRBarButtonItemsManager.swift */,
				C0D03EA925572DFA00D1883A /* RNRBarButtonItemsProtocol.swift */,
				C0CE8AA2254D1D8600DB8F6A /* RNRBarButtonItemStateAppearance.swift */,
				C0CE8AA4254D1D8600DB8F6A /* RNRBarButtonItemStateAppearanceManager.m */,
				C0CE8AA3254D1D8600DB8F6A /* RNRBarButtonItemStateAppearanceManager.swift */,
				C0CE8ADD254D23CE00DB8F6A /* RNRBarButtonItemStateAppearanceProtocol.swift */,
				C03E3F552542676E001E84FA /* RNRBlurEffect.swift */,
				C004ADCF25422314005EAB8C /* RNRChild.swift */,
				C03E3F5825426BBE001E84FA /* RNRContentMode.swift */,
				C0D03E9E2557212D00D1883A /* RNRCoreEventManager.m */,
				C0D03E9D2557212D00D1883A /* RNRCoreEventManager.swift */,
				C0DEE4712543305400AAE5C8 /* RNREdgeInsets.swift */,
				C03E3F5D25427EFE001E84FA /* RNREmptyComponent.swift */,
				C03E3F5E25427EFE001E84FA /* RNREmptyComponentManager.m */,
				C03E3F5C25427EFE001E84FA /* RNREmptyComponentManager.swift */,
				C0CE8B82254FABA400DB8F6A /* RNREmptyComponentProtocol.swift */,
				C004ADD525422348005EAB8C /* RNRHelpers.swift */,
				C004AE0E25422482005EAB8C /* RNRImage.swift */,
				C004AE0D25422482005EAB8C /* RNRImageManager.m */,
				C004AE0F25422482005EAB8C /* RNRImageManager.swift */,
				C004AE4A25422557005EAB8C /* RNRImageProtocol.swift */,
				C0CE8B29254DD6DD00DB8F6A /* RNRMenu.swift */,
				C0CE8B2A254DD6DD00DB8F6A /* RNRMenuManager.m */,
				C0CE8B28254DD6DD00DB8F6A /* RNRMenuManager.swift */,
				C0CE8B27254DD6DD00DB8F6A /* RNRMenuProtocol.swift */,
				C0DEE46E2543199D00AAE5C8 /* RNROffset.swift */,
				C004ADD22542232D005EAB8C /* RNRParent.swift */,
				C0CE8B31254DD6E500DB8F6A /* RNRRefreshControl.swift */,
				C0CE8B33254DD6E500DB8F6A /* RNRRefreshControlManager.m */,
				C0CE8B32254DD6E500DB8F6A /* RNRRefreshControlManager.swift */,
				C0CE8B30254DD6E500DB8F6A /* RNRRefreshControlProtocol.swift */,
				C0D03EAC2557A9BA00D1883A /* RNRSearchBar.swift */,
				C0D03EAD2557A9BA00D1883A /* RNRSearchBarManager.m */,
				C0D03EAE2557A9BA00D1883A /* RNRSearchBarManager.swift */,
				C0D03EAF2557A9BA00D1883A /* RNRSearchBarProtocol.swift */,
				C004AE1425422489005EAB8C /* RNRTextStyle.swift */,
				134814211AA4EA7D00B7C361 /* Products */,
			);
			sourceTree = "<group>";
		};
/* End PBXGroup section */

/* Begin PBXNativeTarget section */
		58B511DA1A9E6C8500147676 /* RenavigationCore */ = {
			isa = PBXNativeTarget;
			buildConfigurationList = 58B511EF1A9E6C8500147676 /* Build configuration list for PBXNativeTarget "RenavigationCore" */;
			buildPhases = (
				58B511D71A9E6C8500147676 /* Sources */,
				58B511D81A9E6C8500147676 /* Frameworks */,
				58B511D91A9E6C8500147676 /* CopyFiles */,
			);
			buildRules = (
			);
			dependencies = (
			);
			name = RenavigationCore;
			productName = RCTDataManager;
			productReference = 134814201AA4EA6300B7C361 /* libRenavigationCore.a */;
			productType = "com.apple.product-type.library.static";
		};
/* End PBXNativeTarget section */

/* Begin PBXProject section */
		58B511D31A9E6C8500147676 /* Project object */ = {
			isa = PBXProject;
			attributes = {
				LastUpgradeCheck = 0920;
				ORGANIZATIONNAME = Facebook;
				TargetAttributes = {
					58B511DA1A9E6C8500147676 = {
						CreatedOnToolsVersion = 6.1.1;
					};
				};
			};
			buildConfigurationList = 58B511D61A9E6C8500147676 /* Build configuration list for PBXProject "RenavigationCore" */;
			compatibilityVersion = "Xcode 3.2";
			developmentRegion = English;
			hasScannedForEncodings = 0;
			knownRegions = (
				English,
				en,
			);
			mainGroup = 58B511D21A9E6C8500147676;
			productRefGroup = 58B511D21A9E6C8500147676;
			projectDirPath = "";
			projectRoot = "";
			targets = (
				58B511DA1A9E6C8500147676 /* RenavigationCore */,
			);
		};
/* End PBXProject section */

/* Begin PBXSourcesBuildPhase section */
		58B511D71A9E6C8500147676 /* Sources */ = {
			isa = PBXSourcesBuildPhase;
			buildActionMask = 2147483647;
			files = (
				C004AE4B25422557005EAB8C /* RNRImageProtocol.swift in Sources */,
				C0D03EB32557A9BA00D1883A /* RNRSearchBarProtocol.swift in Sources */,
				C0CE8AA7254D1D8600DB8F6A /* RNRBarButtonItemStateAppearanceManager.m in Sources */,
				C0CE8B1B254DD6C200DB8F6A /* RNRAction.swift in Sources */,
				C0CE8A6C254D1AC600DB8F6A /* RNRBarButtonItemAppearanceManager.swift in Sources */,
				C004AE1525422489005EAB8C /* RNRTextStyle.swift in Sources */,
				C0CE8B25254DD6D200DB8F6A /* RNRBarButtonItemManager.swift in Sources */,
				C0A5F0F32543DD2B000A5567 /* RNRAnimationOptions.swift in Sources */,
				C0CE8B2D254DD6DD00DB8F6A /* RNRMenu.swift in Sources */,
				C0CE8B35254DD6E500DB8F6A /* RNRRefreshControl.swift in Sources */,
				C0D03EAA25572DFA00D1883A /* RNRBarButtonItemsProtocol.swift in Sources */,
				C03E3F6125427EFE001E84FA /* RNREmptyComponentManager.m in Sources */,
				C0D03EB12557A9BA00D1883A /* RNRSearchBarManager.m in Sources */,
				C0CE8B2E254DD6DD00DB8F6A /* RNRMenuManager.m in Sources */,
				C004AE1225422482005EAB8C /* RNRImageManager.swift in Sources */,
				C0CE8B18254DD6C200DB8F6A /* RNRActionProtocol.swift in Sources */,
				C0CE8B24254DD6D200DB8F6A /* RNRBarButtonItemManager.m in Sources */,
				C004AE1025422482005EAB8C /* RNRImageManager.m in Sources */,
				C004ADD625422348005EAB8C /* RNRHelpers.swift in Sources */,
				C0CE8AA6254D1D8600DB8F6A /* RNRBarButtonItemStateAppearanceManager.swift in Sources */,
				C0D03EA725572BAD00D1883A /* RNRBarButtonItems.swift in Sources */,
				C03E3F5925426BBE001E84FA /* RNRContentMode.swift in Sources */,
				C0CE8B19254DD6C200DB8F6A /* RNRActionManager.m in Sources */,
				C0CE8B83254FABA400DB8F6A /* RNREmptyComponentProtocol.swift in Sources */,
				C03E3F562542676E001E84FA /* RNRBlurEffect.swift in Sources */,
				C0D03EA525572BAD00D1883A /* RNRBarButtonItemsManager.m in Sources */,
				C004AE1125422482005EAB8C /* RNRImage.swift in Sources */,
				C0CE8B1E254DD6C900DB8F6A /* RNRBarButtonItem.swift in Sources */,
				C0D03EB02557A9BA00D1883A /* RNRSearchBar.swift in Sources */,
				C0D03EA02557212D00D1883A /* RNRCoreEventManager.m in Sources */,
				C0CE8B2C254DD6DD00DB8F6A /* RNRMenuManager.swift in Sources */,
				C0D03EB22557A9BA00D1883A /* RNRSearchBarManager.swift in Sources */,
				C0D03EA625572BAD00D1883A /* RNRBarButtonItemsManager.swift in Sources */,
				C0CE8ADF254D23CE00DB8F6A /* RNRBarButtonItemStateAppearanceProtocol.swift in Sources */,
				C0CE8B34254DD6E500DB8F6A /* RNRRefreshControlProtocol.swift in Sources */,
				C0CE8A6D254D1AC600DB8F6A /* RNRBarButtonItemAppearance.swift in Sources */,
				C0CE8B23254DD6D200DB8F6A /* RNRBarButtonItemProtocol.swift in Sources */,
				C03E3F5F25427EFE001E84FA /* RNREmptyComponentManager.swift in Sources */,
				C0DEE4722543305400AAE5C8 /* RNREdgeInsets.swift in Sources */,
				C004ADD32542232D005EAB8C /* RNRParent.swift in Sources */,
				C0DEE46F2543199D00AAE5C8 /* RNROffset.swift in Sources */,
				C0CE8B36254DD6E500DB8F6A /* RNRRefreshControlManager.swift in Sources */,
				C03E3F6025427EFE001E84FA /* RNREmptyComponent.swift in Sources */,
				C0D03E9F2557212D00D1883A /* RNRCoreEventManager.swift in Sources */,
				C004ADD025422314005EAB8C /* RNRChild.swift in Sources */,
				C0CE8B37254DD6E500DB8F6A /* RNRRefreshControlManager.m in Sources */,
				C0CE8ADE254D23CE00DB8F6A /* RNRBarButtonItemAppearanceProtocol.swift in Sources */,
				C0CE8A6B254D1AC600DB8F6A /* RNRBarButtonItemAppearanceManager.m in Sources */,
				C0CE8B2B254DD6DD00DB8F6A /* RNRMenuProtocol.swift in Sources */,
				C0CE8B1A254DD6C200DB8F6A /* RNRActionManager.swift in Sources */,
				C0CE8AA5254D1D8600DB8F6A /* RNRBarButtonItemStateAppearance.swift in Sources */,
			);
			runOnlyForDeploymentPostprocessing = 0;
		};
/* End PBXSourcesBuildPhase section */

/* Begin XCBuildConfiguration section */
		58B511ED1A9E6C8500147676 /* Debug */ = {
			isa = XCBuildConfiguration;
			buildSettings = {
				ALWAYS_SEARCH_USER_PATHS = NO;
				CLANG_CXX_LANGUAGE_STANDARD = "gnu++0x";
				CLANG_CXX_LIBRARY = "libc++";
				CLANG_ENABLE_MODULES = YES;
				CLANG_ENABLE_OBJC_ARC = YES;
				CLANG_WARN_BLOCK_CAPTURE_AUTORELEASING = YES;
				CLANG_WARN_BOOL_CONVERSION = YES;
				CLANG_WARN_COMMA = YES;
				CLANG_WARN_CONSTANT_CONVERSION = YES;
				CLANG_WARN_DIRECT_OBJC_ISA_USAGE = YES_ERROR;
				CLANG_WARN_EMPTY_BODY = YES;
				CLANG_WARN_ENUM_CONVERSION = YES;
				CLANG_WARN_INFINITE_RECURSION = YES;
				CLANG_WARN_INT_CONVERSION = YES;
				CLANG_WARN_NON_LITERAL_NULL_CONVERSION = YES;
				CLANG_WARN_OBJC_LITERAL_CONVERSION = YES;
				CLANG_WARN_OBJC_ROOT_CLASS = YES_ERROR;
				CLANG_WARN_RANGE_LOOP_ANALYSIS = YES;
				CLANG_WARN_STRICT_PROTOTYPES = YES;
				CLANG_WARN_SUSPICIOUS_MOVE = YES;
				CLANG_WARN_UNREACHABLE_CODE = YES;
				CLANG_WARN__DUPLICATE_METHOD_MATCH = YES;
				COPY_PHASE_STRIP = NO;
				ENABLE_STRICT_OBJC_MSGSEND = YES;
				ENABLE_TESTABILITY = YES;
				GCC_C_LANGUAGE_STANDARD = gnu99;
				GCC_DYNAMIC_NO_PIC = NO;
				GCC_NO_COMMON_BLOCKS = YES;
				GCC_OPTIMIZATION_LEVEL = 0;
				GCC_PREPROCESSOR_DEFINITIONS = (
					"DEBUG=1",
					"$(inherited)",
				);
				GCC_SYMBOLS_PRIVATE_EXTERN = NO;
				GCC_WARN_64_TO_32_BIT_CONVERSION = YES;
				GCC_WARN_ABOUT_RETURN_TYPE = YES_ERROR;
				GCC_WARN_UNDECLARED_SELECTOR = YES;
				GCC_WARN_UNINITIALIZED_AUTOS = YES_AGGRESSIVE;
				GCC_WARN_UNUSED_FUNCTION = YES;
				GCC_WARN_UNUSED_VARIABLE = YES;
				IPHONEOS_DEPLOYMENT_TARGET = 8.0;
				MTL_ENABLE_DEBUG_INFO = YES;
				ONLY_ACTIVE_ARCH = YES;
				SDKROOT = iphoneos;
			};
			name = Debug;
		};
		58B511EE1A9E6C8500147676 /* Release */ = {
			isa = XCBuildConfiguration;
			buildSettings = {
				ALWAYS_SEARCH_USER_PATHS = NO;
				CLANG_CXX_LANGUAGE_STANDARD = "gnu++0x";
				CLANG_CXX_LIBRARY = "libc++";
				CLANG_ENABLE_MODULES = YES;
				CLANG_ENABLE_OBJC_ARC = YES;
				CLANG_WARN_BLOCK_CAPTURE_AUTORELEASING = YES;
				CLANG_WARN_BOOL_CONVERSION = YES;
				CLANG_WARN_COMMA = YES;
				CLANG_WARN_CONSTANT_CONVERSION = YES;
				CLANG_WARN_DIRECT_OBJC_ISA_USAGE = YES_ERROR;
				CLANG_WARN_EMPTY_BODY = YES;
				CLANG_WARN_ENUM_CONVERSION = YES;
				CLANG_WARN_INFINITE_RECURSION = YES;
				CLANG_WARN_INT_CONVERSION = YES;
				CLANG_WARN_NON_LITERAL_NULL_CONVERSION = YES;
				CLANG_WARN_OBJC_LITERAL_CONVERSION = YES;
				CLANG_WARN_OBJC_ROOT_CLASS = YES_ERROR;
				CLANG_WARN_RANGE_LOOP_ANALYSIS = YES;
				CLANG_WARN_STRICT_PROTOTYPES = YES;
				CLANG_WARN_SUSPICIOUS_MOVE = YES;
				CLANG_WARN_UNREACHABLE_CODE = YES;
				CLANG_WARN__DUPLICATE_METHOD_MATCH = YES;
				COPY_PHASE_STRIP = YES;
				ENABLE_NS_ASSERTIONS = NO;
				ENABLE_STRICT_OBJC_MSGSEND = YES;
				GCC_C_LANGUAGE_STANDARD = gnu99;
				GCC_NO_COMMON_BLOCKS = YES;
				GCC_WARN_64_TO_32_BIT_CONVERSION = YES;
				GCC_WARN_ABOUT_RETURN_TYPE = YES_ERROR;
				GCC_WARN_UNDECLARED_SELECTOR = YES;
				GCC_WARN_UNINITIALIZED_AUTOS = YES_AGGRESSIVE;
				GCC_WARN_UNUSED_FUNCTION = YES;
				GCC_WARN_UNUSED_VARIABLE = YES;
				IPHONEOS_DEPLOYMENT_TARGET = 8.0;
				MTL_ENABLE_DEBUG_INFO = NO;
				SDKROOT = iphoneos;
				VALIDATE_PRODUCT = YES;
			};
			name = Release;
		};
		58B511F01A9E6C8500147676 /* Debug */ = {
			isa = XCBuildConfiguration;
			buildSettings = {
				HEADER_SEARCH_PATHS = (
					"$(inherited)",
					/Applications/Xcode.app/Contents/Developer/Toolchains/XcodeDefault.xctoolchain/usr/include,
					"$(SRCROOT)/../../../React/**",
					"$(SRCROOT)/../../react-native/React/**",
				);
				LIBRARY_SEARCH_PATHS = (
					"$(inherited)",
					"$(PROJECT_DIR)",
				);
				OTHER_LDFLAGS = "-ObjC";
				PRODUCT_NAME = RenavigationCore;
				SKIP_INSTALL = YES;
				SWIFT_OBJC_BRIDGING_HEADER = "RenavigationCore-Bridging-Header.h";
				SWIFT_OPTIMIZATION_LEVEL = "-Onone";
				SWIFT_VERSION = 5.0;
			};
			name = Debug;
		};
		58B511F11A9E6C8500147676 /* Release */ = {
			isa = XCBuildConfiguration;
			buildSettings = {
				HEADER_SEARCH_PATHS = (
					"$(inherited)",
					/Applications/Xcode.app/Contents/Developer/Toolchains/XcodeDefault.xctoolchain/usr/include,
					"$(SRCROOT)/../../../React/**",
					"$(SRCROOT)/../../react-native/React/**",
				);
				LIBRARY_SEARCH_PATHS = (
					"$(inherited)",
					"$(PROJECT_DIR)",
				);
				OTHER_LDFLAGS = "-ObjC";
				PRODUCT_NAME = RenavigationCore;
				SKIP_INSTALL = YES;
				SWIFT_OBJC_BRIDGING_HEADER = "RenavigationCore-Bridging-Header.h";
				SWIFT_VERSION = 5.0;
			};
			name = Release;
		};
/* End XCBuildConfiguration section */

/* Begin XCConfigurationList section */
		58B511D61A9E6C8500147676 /* Build configuration list for PBXProject "RenavigationCore" */ = {
			isa = XCConfigurationList;
			buildConfigurations = (
				58B511ED1A9E6C8500147676 /* Debug */,
				58B511EE1A9E6C8500147676 /* Release */,
			);
			defaultConfigurationIsVisible = 0;
			defaultConfigurationName = Release;
		};
		58B511EF1A9E6C8500147676 /* Build configuration list for PBXNativeTarget "RenavigationCore" */ = {
			isa = XCConfigurationList;
			buildConfigurations = (
				58B511F01A9E6C8500147676 /* Debug */,
				58B511F11A9E6C8500147676 /* Release */,
			);
			defaultConfigurationIsVisible = 0;
			defaultConfigurationName = Release;
		};
/* End XCConfigurationList section */
	};
	rootObject = 58B511D31A9E6C8500147676 /* Project object */;
}
