<?xml version="1.0" encoding="UTF-8"?>
<Scheme
   version = "1.3">
   <BuildAction>
      <BuildActionEntries>
         <BuildActionEntry
            buildForRunning = "YES">
            <BuildableReference
               BuildableIdentifier = "primary"
               BlueprintIdentifier = "2D02E47A1E0B4A5D006451C7"
               BuildableName = "RenavigationExample-tvOS.app"
               BlueprintName = "RenavigationExample-tvOS"
               ReferencedContainer = "container:RenavigationExample.xcodeproj">
            </BuildableReference>
         </BuildActionEntry>
      </BuildActionEntries>
   </BuildAction>
   <LaunchAction
      useCustomWorkingDirectory = "NO"
      buildConfiguration = "Debug"
      allowLocationSimulation = "YES">
      <BuildableProductRunnable>
         <BuildableReference
            BuildableIdentifier = "primary"
            BlueprintIdentifier = "2D02E47A1E0B4A5D006451C7"
            BuildableName = "RenavigationExample-tvOS.app"
            BlueprintName = "RenavigationExample-tvOS"
            ReferencedContainer = "container:RenavigationExample.xcodeproj">
         </BuildableReference>
      </BuildableProductRunnable>
   </LaunchAction>
</Scheme>
